
Microsoft Visual Studio Solution File, Format Version 12.00
# Visual Studio Version 16
VisualStudioVersion = 16.0.31424.327
MinimumVisualStudioVersion = 10.0.40219.1
Project("{FAE04EC0-301F-11D3-BF4B-00C04F79EFBC}") = "RoomS", "Serverside Code\RoomS\RoomS.csproj", "{1BBA0BFE-98E9-4038-8D15-A87A0B54FE7F}"
EndProject
Project("{FAE04EC0-301F-11D3-BF4B-00C04F79EFBC}") = "RoomZ", "Serverside Code\RoomZ\RoomZ.csproj", "{9D801530-A9AF-4A0B-8639-B2DEB7D9E333}"
EndProject
Global
	GlobalSection(SolutionConfigurationPlatforms) = preSolution
		Debug|Any CPU = Debug|Any CPU
		Release|Any CPU = Release|Any CPU
	EndGlobalSection
	GlobalSection(ProjectConfigurationPlatforms) = postSolution
		{1BBA0BFE-98E9-4038-8D15-A87A0B54FE7F}.Debug|Any CPU.ActiveCfg = Debug|Any CPU
		{1BBA0BFE-98E9-4038-8D15-A87A0B54FE7F}.Debug|Any CPU.Build.0 = Debug|Any CPU
		{1BBA0BFE-98E9-4038-8D15-A87A0B54FE7F}.Release|Any CPU.ActiveCfg = Release|Any CPU
		{1BBA0BFE-98E9-4038-8D15-A87A0B54FE7F}.Release|Any CPU.Build.0 = Release|Any CPU
		{9D801530-A9AF-4A0B-8639-B2DEB7D9E333}.Debug|Any CPU.ActiveCfg = Debug|Any CPU
		{9D801530-A9AF-4A0B-8639-B2DEB7D9E333}.Debug|Any CPU.Build.0 = Debug|Any CPU
		{9D801530-A9AF-4A0B-8639-B2DEB7D9E333}.Release|Any CPU.ActiveCfg = Release|Any CPU
		{9D801530-A9AF-4A0B-8639-B2DEB7D9E333}.Release|Any CPU.Build.0 = Release|Any CPU
	EndGlobalSection
	GlobalSection(SolutionProperties) = preSolution
		HideSolutionNode = FALSE
	EndGlobalSection
	GlobalSection(ExtensibilityGlobals) = postSolution
		SolutionGuid = {091A3928-E122-4902-923E-A41096C02FB3}
	EndGlobalSection
EndGlobal
